
Microsoft Visual Studio Solution File, Format Version 12.00
# Visual Studio 14
VisualStudioVersion = 14.0.25123.0
MinimumVisualStudioVersion = 10.0.40219.1
Project("{FAE04EC0-301F-11D3-BF4B-00C04F79EFBC}") = "App", "App\App.csproj", "{C0BC6C85-09A4-4F1C-B42C-D5628566B38B}"
EndProject
Project("{FAE04EC0-301F-11D3-BF4B-00C04F79EFBC}") = "App.UnitTests", "App.UnitTests\App.UnitTests.csproj", "{FC73FA14-3971-491A-A1FB-07DE31BA7C65}"
EndProject
Global
	GlobalSection(SolutionConfigurationPlatforms) = preSolution
		Debug|Any CPU = Debug|Any CPU
		Release|Any CPU = Release|Any CPU
	EndGlobalSection
	GlobalSection(ProjectConfigurationPlatforms) = postSolution
		{C0BC6C85-09A4-4F1C-B42C-D5628566B38B}.Debug|Any CPU.ActiveCfg = Debug|Any CPU
		{C0BC6C85-09A4-4F1C-B42C-D5628566B38B}.Debug|Any CPU.Build.0 = Debug|Any CPU
		{C0BC6C85-09A4-4F1C-B42C-D5628566B38B}.Release|Any CPU.ActiveCfg = Release|Any CPU
		{C0BC6C85-09A4-4F1C-B42C-D5628566B38B}.Release|Any CPU.Build.0 = Release|Any CPU
		{FC73FA14-3971-491A-A1FB-07DE31BA7C65}.Debug|Any CPU.ActiveCfg = Debug|Any CPU
		{FC73FA14-3971-491A-A1FB-07DE31BA7C65}.Debug|Any CPU.Build.0 = Debug|Any CPU
		{FC73FA14-3971-491A-A1FB-07DE31BA7C65}.Release|Any CPU.ActiveCfg = Release|Any CPU
		{FC73FA14-3971-491A-A1FB-07DE31BA7C65}.Release|Any CPU.Build.0 = Release|Any CPU
	EndGlobalSection
	GlobalSection(SolutionProperties) = preSolution
		HideSolutionNode = FALSE
	EndGlobalSection
EndGlobal
